
Microsoft Visual Studio Solution File, Format Version 12.00
# Visual Studio Version 17
VisualStudioVersion = 17.9.34607.119
MinimumVisualStudioVersion = 10.0.40219.1
Project("{9A19103F-16F7-4668-BE54-9A1E7A4F7556}") = "NiL.Smtp", "NiL.Smtp\NiL.Smtp.csproj", "{87ED9A9C-863C-4171-BD2B-3E6B329CA276}"
EndProject
Project("{9A19103F-16F7-4668-BE54-9A1E7A4F7556}") = "UnitTests", "UnitTests\UnitTests.csproj", "{50E52F8B-77F2-4E64-8734-264E4AB6BF30}"
EndProject
Project("{9A19103F-16F7-4668-BE54-9A1E7A4F7556}") = "Sandbox", "Sandbox\Sandbox.csproj", "{C2605532-8EF2-4076-8A50-33CC72E4C43A}"
EndProject
Project("{2150E333-8FDC-42A3-9474-1A3956D46DE8}") = "Github workflows", "Github workflows", "{FA00B865-1793-4B89-9ED0-BB96C8DA4F28}"
	ProjectSection(SolutionItems) = preProject
		.github\workflows\dotnet.yml = .github\workflows\dotnet.yml
		.github\workflows\release.yml = .github\workflows\release.yml
	EndProjectSection
EndProject
Global
	GlobalSection(SolutionConfigurationPlatforms) = preSolution
		Debug|Any CPU = Debug|Any CPU
		Release|Any CPU = Release|Any CPU
	EndGlobalSection
	GlobalSection(ProjectConfigurationPlatforms) = postSolution
		{87ED9A9C-863C-4171-BD2B-3E6B329CA276}.Debug|Any CPU.ActiveCfg = Debug|Any CPU
		{87ED9A9C-863C-4171-BD2B-3E6B329CA276}.Debug|Any CPU.Build.0 = Debug|Any CPU
		{87ED9A9C-863C-4171-BD2B-3E6B329CA276}.Release|Any CPU.ActiveCfg = Release|Any CPU
		{87ED9A9C-863C-4171-BD2B-3E6B329CA276}.Release|Any CPU.Build.0 = Release|Any CPU
		{50E52F8B-77F2-4E64-8734-264E4AB6BF30}.Debug|Any CPU.ActiveCfg = Debug|Any CPU
		{50E52F8B-77F2-4E64-8734-264E4AB6BF30}.Debug|Any CPU.Build.0 = Debug|Any CPU
		{50E52F8B-77F2-4E64-8734-264E4AB6BF30}.Release|Any CPU.ActiveCfg = Release|Any CPU
		{50E52F8B-77F2-4E64-8734-264E4AB6BF30}.Release|Any CPU.Build.0 = Release|Any CPU
		{C2605532-8EF2-4076-8A50-33CC72E4C43A}.Debug|Any CPU.ActiveCfg = Debug|Any CPU
		{C2605532-8EF2-4076-8A50-33CC72E4C43A}.Debug|Any CPU.Build.0 = Debug|Any CPU
		{C2605532-8EF2-4076-8A50-33CC72E4C43A}.Release|Any CPU.ActiveCfg = Release|Any CPU
		{C2605532-8EF2-4076-8A50-33CC72E4C43A}.Release|Any CPU.Build.0 = Release|Any CPU
	EndGlobalSection
	GlobalSection(SolutionProperties) = preSolution
		HideSolutionNode = FALSE
	EndGlobalSection
	GlobalSection(ExtensibilityGlobals) = postSolution
		SolutionGuid = {4335D672-E8D5-4232-AD83-7FCAFDDC3296}
	EndGlobalSection
EndGlobal
